// !$*UTF8*$!
{
	archiveVersion = 1;
	classes = {
	};
	objectVersion = 56;
	objects = {

/* Begin PBXBuildFile section */
		DF02162E2AF2288600EADE10 /* Sortable.swift in Sources */ = {isa = PBXBuildFile; fileRef = DF02162D2AF2288600EADE10 /* Sortable.swift */; };
		DF49BA592AE5079400D10036 /* Theme.swift in Sources */ = {isa = PBXBuildFile; fileRef = DF49BA582AE5079400D10036 /* Theme.swift */; };
		DF7473012AF0046E00B7CE42 /* GameDetailDefinitionView.swift in Sources */ = {isa = PBXBuildFile; fileRef = DF7473002AF0046E00B7CE42 /* GameDetailDefinitionView.swift */; };
		DF7473032AF0062500B7CE42 /* GameDetailCommentsView.swift in Sources */ = {isa = PBXBuildFile; fileRef = DF7473022AF0062500B7CE42 /* GameDetailCommentsView.swift */; };
		DF760E072AE6EF2E008BCE16 /* MainView.swift in Sources */ = {isa = PBXBuildFile; fileRef = DF760E062AE6EF2E008BCE16 /* MainView.swift */; };
		DF760E092AE799DE008BCE16 /* UserGamesViewModel.swift in Sources */ = {isa = PBXBuildFile; fileRef = DF760E082AE799DE008BCE16 /* UserGamesViewModel.swift */; };
		DF9BADBD2AEB8E40001C2C7C /* GameComment.swift in Sources */ = {isa = PBXBuildFile; fileRef = DF9BADBC2AEB8E40001C2C7C /* GameComment.swift */; };
		DF9BADC02AEB8EF5001C2C7C /* GameCommentViewModel.swift in Sources */ = {isa = PBXBuildFile; fileRef = DF9BADBF2AEB8EF5001C2C7C /* GameCommentViewModel.swift */; };
		DF9BADC22AEB8F4A001C2C7C /* GameCommentView.swift in Sources */ = {isa = PBXBuildFile; fileRef = DF9BADC12AEB8F4A001C2C7C /* GameCommentView.swift */; };
		DFC8936A2AE3AAE6006C3A31 /* GameCollectionnerApp.swift in Sources */ = {isa = PBXBuildFile; fileRef = DFC893692AE3AAE6006C3A31 /* GameCollectionnerApp.swift */; };
		DFC8936C2AE3AAE6006C3A31 /* ContentView.swift in Sources */ = {isa = PBXBuildFile; fileRef = DFC8936B2AE3AAE6006C3A31 /* ContentView.swift */; };
		DFC8936E2AE3AAE7006C3A31 /* Assets.xcassets in Resources */ = {isa = PBXBuildFile; fileRef = DFC8936D2AE3AAE7006C3A31 /* Assets.xcassets */; };
		DFC893712AE3AAE7006C3A31 /* Preview Assets.xcassets in Resources */ = {isa = PBXBuildFile; fileRef = DFC893702AE3AAE7006C3A31 /* Preview Assets.xcassets */; };
		DFD1757D2AE3B7E000613AB3 /* GameCardView.swift in Sources */ = {isa = PBXBuildFile; fileRef = DFD1757C2AE3B7E000613AB3 /* GameCardView.swift */; };
		DFD1757F2AE3C31400613AB3 /* BaseGame.swift in Sources */ = {isa = PBXBuildFile; fileRef = DFD1757E2AE3C31400613AB3 /* BaseGame.swift */; };
		DFD175812AE3C40C00613AB3 /* Constants.swift in Sources */ = {isa = PBXBuildFile; fileRef = DFD175802AE3C40C00613AB3 /* Constants.swift */; };
		DFD175832AE3CED800613AB3 /* GamesView.swift in Sources */ = {isa = PBXBuildFile; fileRef = DFD175822AE3CED800613AB3 /* GamesView.swift */; };
		DFD3FC5E2AE834E900F1200F /* GameEvents.swift in Sources */ = {isa = PBXBuildFile; fileRef = DFD3FC5D2AE834E900F1200F /* GameEvents.swift */; };
		DFD9E7D12AE5201E00B43030 /* GameDetailView.swift in Sources */ = {isa = PBXBuildFile; fileRef = DFD9E7D02AE5201E00B43030 /* GameDetailView.swift */; };
		DFE9D0F92AE6E71A00919493 /* UserGamesView.swift in Sources */ = {isa = PBXBuildFile; fileRef = DFE9D0F82AE6E71A00919493 /* UserGamesView.swift */; };
/* End PBXBuildFile section */

/* Begin PBXFileReference section */
		DF02162D2AF2288600EADE10 /* Sortable.swift */ = {isa = PBXFileReference; lastKnownFileType = sourcecode.swift; path = Sortable.swift; sourceTree = "<group>"; };
		DF49BA582AE5079400D10036 /* Theme.swift */ = {isa = PBXFileReference; lastKnownFileType = sourcecode.swift; path = Theme.swift; sourceTree = "<group>"; };
		DF7473002AF0046E00B7CE42 /* GameDetailDefinitionView.swift */ = {isa = PBXFileReference; lastKnownFileType = sourcecode.swift; path = GameDetailDefinitionView.swift; sourceTree = "<group>"; };
		DF7473022AF0062500B7CE42 /* GameDetailCommentsView.swift */ = {isa = PBXFileReference; lastKnownFileType = sourcecode.swift; path = GameDetailCommentsView.swift; sourceTree = "<group>"; };
		DF760E062AE6EF2E008BCE16 /* MainView.swift */ = {isa = PBXFileReference; lastKnownFileType = sourcecode.swift; path = MainView.swift; sourceTree = "<group>"; };
		DF760E082AE799DE008BCE16 /* UserGamesViewModel.swift */ = {isa = PBXFileReference; lastKnownFileType = sourcecode.swift; path = UserGamesViewModel.swift; sourceTree = "<group>"; };
		DF9BADBC2AEB8E40001C2C7C /* GameComment.swift */ = {isa = PBXFileReference; lastKnownFileType = sourcecode.swift; path = GameComment.swift; sourceTree = "<group>"; };
		DF9BADBF2AEB8EF5001C2C7C /* GameCommentViewModel.swift */ = {isa = PBXFileReference; lastKnownFileType = sourcecode.swift; path = GameCommentViewModel.swift; sourceTree = "<group>"; };
		DF9BADC12AEB8F4A001C2C7C /* GameCommentView.swift */ = {isa = PBXFileReference; lastKnownFileType = sourcecode.swift; path = GameCommentView.swift; sourceTree = "<group>"; };
		DFC893662AE3AAE6006C3A31 /* GameCollectionner.app */ = {isa = PBXFileReference; explicitFileType = wrapper.application; includeInIndex = 0; path = GameCollectionner.app; sourceTree = BUILT_PRODUCTS_DIR; };
		DFC893692AE3AAE6006C3A31 /* GameCollectionnerApp.swift */ = {isa = PBXFileReference; lastKnownFileType = sourcecode.swift; path = GameCollectionnerApp.swift; sourceTree = "<group>"; };
		DFC8936B2AE3AAE6006C3A31 /* ContentView.swift */ = {isa = PBXFileReference; lastKnownFileType = sourcecode.swift; path = ContentView.swift; sourceTree = "<group>"; };
		DFC8936D2AE3AAE7006C3A31 /* Assets.xcassets */ = {isa = PBXFileReference; lastKnownFileType = folder.assetcatalog; path = Assets.xcassets; sourceTree = "<group>"; };
		DFC893702AE3AAE7006C3A31 /* Preview Assets.xcassets */ = {isa = PBXFileReference; lastKnownFileType = folder.assetcatalog; path = "Preview Assets.xcassets"; sourceTree = "<group>"; };
		DFD1757C2AE3B7E000613AB3 /* GameCardView.swift */ = {isa = PBXFileReference; lastKnownFileType = sourcecode.swift; path = GameCardView.swift; sourceTree = "<group>"; };
		DFD1757E2AE3C31400613AB3 /* BaseGame.swift */ = {isa = PBXFileReference; lastKnownFileType = sourcecode.swift; path = BaseGame.swift; sourceTree = "<group>"; };
		DFD175802AE3C40C00613AB3 /* Constants.swift */ = {isa = PBXFileReference; lastKnownFileType = sourcecode.swift; path = Constants.swift; sourceTree = "<group>"; };
		DFD175822AE3CED800613AB3 /* GamesView.swift */ = {isa = PBXFileReference; lastKnownFileType = sourcecode.swift; path = GamesView.swift; sourceTree = "<group>"; };
		DFD3FC5D2AE834E900F1200F /* GameEvents.swift */ = {isa = PBXFileReference; lastKnownFileType = sourcecode.swift; path = GameEvents.swift; sourceTree = "<group>"; };
		DFD9E7D02AE5201E00B43030 /* GameDetailView.swift */ = {isa = PBXFileReference; lastKnownFileType = sourcecode.swift; path = GameDetailView.swift; sourceTree = "<group>"; };
		DFE9D0F82AE6E71A00919493 /* UserGamesView.swift */ = {isa = PBXFileReference; lastKnownFileType = sourcecode.swift; path = UserGamesView.swift; sourceTree = "<group>"; };
/* End PBXFileReference section */

/* Begin PBXFrameworksBuildPhase section */
		DFC893632AE3AAE6006C3A31 /* Frameworks */ = {
			isa = PBXFrameworksBuildPhase;
			buildActionMask = 2147483647;
			files = (
			);
			runOnlyForDeploymentPostprocessing = 0;
		};
/* End PBXFrameworksBuildPhase section */

/* Begin PBXGroup section */
		DF02162C2AF227B800EADE10 /* Protocols */ = {
			isa = PBXGroup;
			children = (
				DF02162D2AF2288600EADE10 /* Sortable.swift */,
			);
			path = Protocols;
			sourceTree = "<group>";
		};
		DF9BADBE2AEB8E72001C2C7C /* ViewModel */ = {
			isa = PBXGroup;
			children = (
				DF760E082AE799DE008BCE16 /* UserGamesViewModel.swift */,
				DF9BADBF2AEB8EF5001C2C7C /* GameCommentViewModel.swift */,
			);
			path = ViewModel;
			sourceTree = "<group>";
		};
		DFC8935D2AE3AAE6006C3A31 = {
			isa = PBXGroup;
			children = (
				DFC893682AE3AAE6006C3A31 /* GameCollectionner */,
				DFC893672AE3AAE6006C3A31 /* Products */,
			);
			sourceTree = "<group>";
		};
		DFC893672AE3AAE6006C3A31 /* Products */ = {
			isa = PBXGroup;
			children = (
				DFC893662AE3AAE6006C3A31 /* GameCollectionner.app */,
			);
			name = Products;
			sourceTree = "<group>";
		};
		DFC893682AE3AAE6006C3A31 /* GameCollectionner */ = {
			isa = PBXGroup;
			children = (
				DF02162C2AF227B800EADE10 /* Protocols */,
				DF9BADBE2AEB8E72001C2C7C /* ViewModel */,
				DFD1757A2AE3B58800613AB3 /* Models */,
				DFD1757B2AE3B75A00613AB3 /* Views */,
				DFC893692AE3AAE6006C3A31 /* GameCollectionnerApp.swift */,
				DFC8936B2AE3AAE6006C3A31 /* ContentView.swift */,
				DFD175802AE3C40C00613AB3 /* Constants.swift */,
				DFC8936D2AE3AAE7006C3A31 /* Assets.xcassets */,
				DFC8936F2AE3AAE7006C3A31 /* Preview Content */,
				DF49BA582AE5079400D10036 /* Theme.swift */,
			);
			path = GameCollectionner;
			sourceTree = "<group>";
		};
		DFC8936F2AE3AAE7006C3A31 /* Preview Content */ = {
			isa = PBXGroup;
			children = (
				DFC893702AE3AAE7006C3A31 /* Preview Assets.xcassets */,
			);
			path = "Preview Content";
			sourceTree = "<group>";
		};
		DFD1757A2AE3B58800613AB3 /* Models */ = {
			isa = PBXGroup;
			children = (
				DFD3FC5D2AE834E900F1200F /* GameEvents.swift */,
				DFD1757E2AE3C31400613AB3 /* BaseGame.swift */,
				DF9BADBC2AEB8E40001C2C7C /* GameComment.swift */,
			);
			path = Models;
			sourceTree = "<group>";
		};
		DFD1757B2AE3B75A00613AB3 /* Views */ = {
			isa = PBXGroup;
			children = (
				DFD1757C2AE3B7E000613AB3 /* GameCardView.swift */,
				DFD175822AE3CED800613AB3 /* GamesView.swift */,
				DFD9E7D02AE5201E00B43030 /* GameDetailView.swift */,
				DFE9D0F82AE6E71A00919493 /* UserGamesView.swift */,
				DF760E062AE6EF2E008BCE16 /* MainView.swift */,
				DF9BADC12AEB8F4A001C2C7C /* GameCommentView.swift */,
				DF7473002AF0046E00B7CE42 /* GameDetailDefinitionView.swift */,
				DF7473022AF0062500B7CE42 /* GameDetailCommentsView.swift */,
			);
			path = Views;
			sourceTree = "<group>";
		};
/* End PBXGroup section */

/* Begin PBXNativeTarget section */
		DFC893652AE3AAE6006C3A31 /* GameCollectionner */ = {
			isa = PBXNativeTarget;
			buildConfigurationList = DFC893742AE3AAE7006C3A31 /* Build configuration list for PBXNativeTarget "GameCollectionner" */;
			buildPhases = (
				DFC893622AE3AAE6006C3A31 /* Sources */,
				DFC893632AE3AAE6006C3A31 /* Frameworks */,
				DFC893642AE3AAE6006C3A31 /* Resources */,
			);
			buildRules = (
			);
			dependencies = (
			);
			name = GameCollectionner;
			productName = SolidifyApp;
			productReference = DFC893662AE3AAE6006C3A31 /* GameCollectionner.app */;
			productType = "com.apple.product-type.application";
		};
/* End PBXNativeTarget section */

/* Begin PBXProject section */
		DFC8935E2AE3AAE6006C3A31 /* Project object */ = {
			isa = PBXProject;
			attributes = {
				BuildIndependentTargetsInParallel = 1;
				LastSwiftUpdateCheck = 1500;
				LastUpgradeCheck = 1500;
				TargetAttributes = {
					DFC893652AE3AAE6006C3A31 = {
						CreatedOnToolsVersion = 15.0.1;
					};
				};
			};
			buildConfigurationList = DFC893612AE3AAE6006C3A31 /* Build configuration list for PBXProject "GameCollectionner" */;
			compatibilityVersion = "Xcode 14.0";
			developmentRegion = en;
			hasScannedForEncodings = 0;
			knownRegions = (
				en,
				Base,
			);
			mainGroup = DFC8935D2AE3AAE6006C3A31;
			productRefGroup = DFC893672AE3AAE6006C3A31 /* Products */;
			projectDirPath = "";
			projectRoot = "";
			targets = (
				DFC893652AE3AAE6006C3A31 /* GameCollectionner */,
			);
		};
/* End PBXProject section */

/* Begin PBXResourcesBuildPhase section */
		DFC893642AE3AAE6006C3A31 /* Resources */ = {
			isa = PBXResourcesBuildPhase;
			buildActionMask = 2147483647;
			files = (
				DFC893712AE3AAE7006C3A31 /* Preview Assets.xcassets in Resources */,
				DFC8936E2AE3AAE7006C3A31 /* Assets.xcassets in Resources */,
			);
			runOnlyForDeploymentPostprocessing = 0;
		};
/* End PBXResourcesBuildPhase section */

/* Begin PBXSourcesBuildPhase section */
		DFC893622AE3AAE6006C3A31 /* Sources */ = {
			isa = PBXSourcesBuildPhase;
			buildActionMask = 2147483647;
			files = (
				DF9BADC02AEB8EF5001C2C7C /* GameCommentViewModel.swift in Sources */,
				DFD175832AE3CED800613AB3 /* GamesView.swift in Sources */,
				DF9BADC22AEB8F4A001C2C7C /* GameCommentView.swift in Sources */,
				DFD175812AE3C40C00613AB3 /* Constants.swift in Sources */,
				DFD3FC5E2AE834E900F1200F /* GameEvents.swift in Sources */,
				DF02162E2AF2288600EADE10 /* Sortable.swift in Sources */,
				DFC8936C2AE3AAE6006C3A31 /* ContentView.swift in Sources */,
				DF760E072AE6EF2E008BCE16 /* MainView.swift in Sources */,
				DF9BADBD2AEB8E40001C2C7C /* GameComment.swift in Sources */,
				DFD1757D2AE3B7E000613AB3 /* GameCardView.swift in Sources */,
				DFD1757F2AE3C31400613AB3 /* BaseGame.swift in Sources */,
				DF7473012AF0046E00B7CE42 /* GameDetailDefinitionView.swift in Sources */,
				DF7473032AF0062500B7CE42 /* GameDetailCommentsView.swift in Sources */,
				DFE9D0F92AE6E71A00919493 /* UserGamesView.swift in Sources */,
				DFC8936A2AE3AAE6006C3A31 /* GameCollectionnerApp.swift in Sources */,
				DF760E092AE799DE008BCE16 /* UserGamesViewModel.swift in Sources */,
				DF49BA592AE5079400D10036 /* Theme.swift in Sources */,
				DFD9E7D12AE5201E00B43030 /* GameDetailView.swift in Sources */,
			);
			runOnlyForDeploymentPostprocessing = 0;
		};
/* End PBXSourcesBuildPhase section */

/* Begin XCBuildConfiguration section */
		DFC893722AE3AAE7006C3A31 /* Debug */ = {
			isa = XCBuildConfiguration;
			buildSettings = {
				ALWAYS_SEARCH_USER_PATHS = NO;
				ASSETCATALOG_COMPILER_GENERATE_SWIFT_ASSET_SYMBOL_EXTENSIONS = YES;
				CLANG_ANALYZER_NONNULL = YES;
				CLANG_ANALYZER_NUMBER_OBJECT_CONVERSION = YES_AGGRESSIVE;
				CLANG_CXX_LANGUAGE_STANDARD = "gnu++20";
				CLANG_ENABLE_MODULES = YES;
				CLANG_ENABLE_OBJC_ARC = YES;
				CLANG_ENABLE_OBJC_WEAK = YES;
				CLANG_WARN_BLOCK_CAPTURE_AUTORELEASING = YES;
				CLANG_WARN_BOOL_CONVERSION = YES;
				CLANG_WARN_COMMA = YES;
				CLANG_WARN_CONSTANT_CONVERSION = YES;
				CLANG_WARN_DEPRECATED_OBJC_IMPLEMENTATIONS = YES;
				CLANG_WARN_DIRECT_OBJC_ISA_USAGE = YES_ERROR;
				CLANG_WARN_DOCUMENTATION_COMMENTS = YES;
				CLANG_WARN_EMPTY_BODY = YES;
				CLANG_WARN_ENUM_CONVERSION = YES;
				CLANG_WARN_INFINITE_RECURSION = YES;
				CLANG_WARN_INT_CONVERSION = YES;
				CLANG_WARN_NON_LITERAL_NULL_CONVERSION = YES;
				CLANG_WARN_OBJC_IMPLICIT_RETAIN_SELF = YES;
				CLANG_WARN_OBJC_LITERAL_CONVERSION = YES;
				CLANG_WARN_OBJC_ROOT_CLASS = YES_ERROR;
				CLANG_WARN_QUOTED_INCLUDE_IN_FRAMEWORK_HEADER = YES;
				CLANG_WARN_RANGE_LOOP_ANALYSIS = YES;
				CLANG_WARN_STRICT_PROTOTYPES = YES;
				CLANG_WARN_SUSPICIOUS_MOVE = YES;
				CLANG_WARN_UNGUARDED_AVAILABILITY = YES_AGGRESSIVE;
				CLANG_WARN_UNREACHABLE_CODE = YES;
				CLANG_WARN__DUPLICATE_METHOD_MATCH = YES;
				COPY_PHASE_STRIP = NO;
				DEBUG_INFORMATION_FORMAT = dwarf;
				ENABLE_STRICT_OBJC_MSGSEND = YES;
				ENABLE_TESTABILITY = YES;
				ENABLE_USER_SCRIPT_SANDBOXING = YES;
				GCC_C_LANGUAGE_STANDARD = gnu17;
				GCC_DYNAMIC_NO_PIC = NO;
				GCC_NO_COMMON_BLOCKS = YES;
				GCC_OPTIMIZATION_LEVEL = 0;
				GCC_PREPROCESSOR_DEFINITIONS = (
					"DEBUG=1",
					"$(inherited)",
				);
				GCC_WARN_64_TO_32_BIT_CONVERSION = YES;
				GCC_WARN_ABOUT_RETURN_TYPE = YES_ERROR;
				GCC_WARN_UNDECLARED_SELECTOR = YES;
				GCC_WARN_UNINITIALIZED_AUTOS = YES_AGGRESSIVE;
				GCC_WARN_UNUSED_FUNCTION = YES;
				GCC_WARN_UNUSED_VARIABLE = YES;
				IPHONEOS_DEPLOYMENT_TARGET = 17.0;
				LOCALIZATION_PREFERS_STRING_CATALOGS = YES;
				MTL_ENABLE_DEBUG_INFO = INCLUDE_SOURCE;
				MTL_FAST_MATH = YES;
				ONLY_ACTIVE_ARCH = YES;
				SDKROOT = iphoneos;
				SWIFT_ACTIVE_COMPILATION_CONDITIONS = "DEBUG $(inherited)";
				SWIFT_OPTIMIZATION_LEVEL = "-Onone";
			};
			name = Debug;
		};
		DFC893732AE3AAE7006C3A31 /* Release */ = {
			isa = XCBuildConfiguration;
			buildSettings = {
				ALWAYS_SEARCH_USER_PATHS = NO;
				ASSETCATALOG_COMPILER_GENERATE_SWIFT_ASSET_SYMBOL_EXTENSIONS = YES;
				CLANG_ANALYZER_NONNULL = YES;
				CLANG_ANALYZER_NUMBER_OBJECT_CONVERSION = YES_AGGRESSIVE;
				CLANG_CXX_LANGUAGE_STANDARD = "gnu++20";
				CLANG_ENABLE_MODULES = YES;
				CLANG_ENABLE_OBJC_ARC = YES;
				CLANG_ENABLE_OBJC_WEAK = YES;
				CLANG_WARN_BLOCK_CAPTURE_AUTORELEASING = YES;
				CLANG_WARN_BOOL_CONVERSION = YES;
				CLANG_WARN_COMMA = YES;
				CLANG_WARN_CONSTANT_CONVERSION = YES;
				CLANG_WARN_DEPRECATED_OBJC_IMPLEMENTATIONS = YES;
				CLANG_WARN_DIRECT_OBJC_ISA_USAGE = YES_ERROR;
				CLANG_WARN_DOCUMENTATION_COMMENTS = YES;
				CLANG_WARN_EMPTY_BODY = YES;
				CLANG_WARN_ENUM_CONVERSION = YES;
				CLANG_WARN_INFINITE_RECURSION = YES;
				CLANG_WARN_INT_CONVERSION = YES;
				CLANG_WARN_NON_LITERAL_NULL_CONVERSION = YES;
				CLANG_WARN_OBJC_IMPLICIT_RETAIN_SELF = YES;
				CLANG_WARN_OBJC_LITERAL_CONVERSION = YES;
				CLANG_WARN_OBJC_ROOT_CLASS = YES_ERROR;
				CLANG_WARN_QUOTED_INCLUDE_IN_FRAMEWORK_HEADER = YES;
				CLANG_WARN_RANGE_LOOP_ANALYSIS = YES;
				CLANG_WARN_STRICT_PROTOTYPES = YES;
				CLANG_WARN_SUSPICIOUS_MOVE = YES;
				CLANG_WARN_UNGUARDED_AVAILABILITY = YES_AGGRESSIVE;
				CLANG_WARN_UNREACHABLE_CODE = YES;
				CLANG_WARN__DUPLICATE_METHOD_MATCH = YES;
				COPY_PHASE_STRIP = NO;
				DEBUG_INFORMATION_FORMAT = "dwarf-with-dsym";
				ENABLE_NS_ASSERTIONS = NO;
				ENABLE_STRICT_OBJC_MSGSEND = YES;
				ENABLE_USER_SCRIPT_SANDBOXING = YES;
				GCC_C_LANGUAGE_STANDARD = gnu17;
				GCC_NO_COMMON_BLOCKS = YES;
				GCC_WARN_64_TO_32_BIT_CONVERSION = YES;
				GCC_WARN_ABOUT_RETURN_TYPE = YES_ERROR;
				GCC_WARN_UNDECLARED_SELECTOR = YES;
				GCC_WARN_UNINITIALIZED_AUTOS = YES_AGGRESSIVE;
				GCC_WARN_UNUSED_FUNCTION = YES;
				GCC_WARN_UNUSED_VARIABLE = YES;
				IPHONEOS_DEPLOYMENT_TARGET = 17.0;
				LOCALIZATION_PREFERS_STRING_CATALOGS = YES;
				MTL_ENABLE_DEBUG_INFO = NO;
				MTL_FAST_MATH = YES;
				SDKROOT = iphoneos;
				SWIFT_COMPILATION_MODE = wholemodule;
				VALIDATE_PRODUCT = YES;
			};
			name = Release;
		};
		DFC893752AE3AAE7006C3A31 /* Debug */ = {
			isa = XCBuildConfiguration;
			buildSettings = {
				ASSETCATALOG_COMPILER_APPICON_NAME = AppIcon;
				ASSETCATALOG_COMPILER_GLOBAL_ACCENT_COLOR_NAME = AccentColor;
				CODE_SIGN_STYLE = Automatic;
				CURRENT_PROJECT_VERSION = 1;
				DEVELOPMENT_ASSET_PATHS = "\"/GameCollectionner/Preview Content\"";
				DEVELOPMENT_TEAM = 6X9U4GY37Z;
				ENABLE_PREVIEWS = YES;
				GENERATE_INFOPLIST_FILE = YES;
				INFOPLIST_KEY_UIApplicationSceneManifest_Generation = YES;
				INFOPLIST_KEY_UIApplicationSupportsIndirectInputEvents = YES;
				INFOPLIST_KEY_UILaunchScreen_Generation = YES;
				INFOPLIST_KEY_UISupportedInterfaceOrientations_iPad = "UIInterfaceOrientationPortrait UIInterfaceOrientationPortraitUpsideDown UIInterfaceOrientationLandscapeLeft UIInterfaceOrientationLandscapeRight";
				INFOPLIST_KEY_UISupportedInterfaceOrientations_iPhone = "UIInterfaceOrientationPortrait UIInterfaceOrientationLandscapeLeft UIInterfaceOrientationLandscapeRight";
				LD_RUNPATH_SEARCH_PATHS = (
					"$(inherited)",
					"@executable_path/Frameworks",
				);
				MARKETING_VERSION = 1.0;
				PRODUCT_BUNDLE_IDENTIFIER = com.NecatiAkpinar.SolidifyApp;
				PRODUCT_NAME = "$(TARGET_NAME)";
				SWIFT_EMIT_LOC_STRINGS = YES;
				SWIFT_VERSION = 5.0;
				TARGETED_DEVICE_FAMILY = "1,2";
			};
			name = Debug;
		};
		DFC893762AE3AAE7006C3A31 /* Release */ = {
			isa = XCBuildConfiguration;
			buildSettings = {
				ASSETCATALOG_COMPILER_APPICON_NAME = AppIcon;
				ASSETCATALOG_COMPILER_GLOBAL_ACCENT_COLOR_NAME = AccentColor;
				CODE_SIGN_STYLE = Automatic;
				CURRENT_PROJECT_VERSION = 1;
				DEVELOPMENT_ASSET_PATHS = "\"/GameCollectionner/Preview Content\"";
				DEVELOPMENT_TEAM = 6X9U4GY37Z;
				ENABLE_PREVIEWS = YES;
				GENERATE_INFOPLIST_FILE = YES;
				INFOPLIST_KEY_UIApplicationSceneManifest_Generation = YES;
				INFOPLIST_KEY_UIApplicationSupportsIndirectInputEvents = YES;
				INFOPLIST_KEY_UILaunchScreen_Generation = YES;
				INFOPLIST_KEY_UISupportedInterfaceOrientations_iPad = "UIInterfaceOrientationPortrait UIInterfaceOrientationPortraitUpsideDown UIInterfaceOrientationLandscapeLeft UIInterfaceOrientationLandscapeRight";
				INFOPLIST_KEY_UISupportedInterfaceOrientations_iPhone = "UIInterfaceOrientationPortrait UIInterfaceOrientationLandscapeLeft UIInterfaceOrientationLandscapeRight";
				LD_RUNPATH_SEARCH_PATHS = (
					"$(inherited)",
					"@executable_path/Frameworks",
				);
				MARKETING_VERSION = 1.0;
				PRODUCT_BUNDLE_IDENTIFIER = com.NecatiAkpinar.SolidifyApp;
				PRODUCT_NAME = "$(TARGET_NAME)";
				SWIFT_EMIT_LOC_STRINGS = YES;
				SWIFT_VERSION = 5.0;
				TARGETED_DEVICE_FAMILY = "1,2";
			};
			name = Release;
		};
/* End XCBuildConfiguration section */

/* Begin XCConfigurationList section */
		DFC893612AE3AAE6006C3A31 /* Build configuration list for PBXProject "GameCollectionner" */ = {
			isa = XCConfigurationList;
			buildConfigurations = (
				DFC893722AE3AAE7006C3A31 /* Debug */,
				DFC893732AE3AAE7006C3A31 /* Release */,
			);
			defaultConfigurationIsVisible = 0;
			defaultConfigurationName = Release;
		};
		DFC893742AE3AAE7006C3A31 /* Build configuration list for PBXNativeTarget "GameCollectionner" */ = {
			isa = XCConfigurationList;
			buildConfigurations = (
				DFC893752AE3AAE7006C3A31 /* Debug */,
				DFC893762AE3AAE7006C3A31 /* Release */,
			);
			defaultConfigurationIsVisible = 0;
			defaultConfigurationName = Release;
		};
/* End XCConfigurationList section */
	};
	rootObject = DFC8935E2AE3AAE6006C3A31 /* Project object */;
}
